
Microsoft Visual Studio Solution File, Format Version 11.00
# Visual Studio 2010
Project("{8BC9CEB8-8B4A-11D0-8D11-00A0C91BC942}") = "计算.c", "计算.c\计算.c.vcxproj", "{992FD5FD-8CE0-4DB8-9729-F142FA7A8D8B}"
EndProject
Global
	GlobalSection(SolutionConfigurationPlatforms) = preSolution
		Debug|Win32 = Debug|Win32
		Release|Win32 = Release|Win32
	EndGlobalSection
	GlobalSection(ProjectConfigurationPlatforms) = postSolution
		{992FD5FD-8CE0-4DB8-9729-F142FA7A8D8B}.Debug|Win32.ActiveCfg = Debug|Win32
		{992FD5FD-8CE0-4DB8-9729-F142FA7A8D8B}.Debug|Win32.Build.0 = Debug|Win32
		{992FD5FD-8CE0-4DB8-9729-F142FA7A8D8B}.Release|Win32.ActiveCfg = Release|Win32
		{992FD5FD-8CE0-4DB8-9729-F142FA7A8D8B}.Release|Win32.Build.0 = Release|Win32
	EndGlobalSection
	GlobalSection(SolutionProperties) = preSolution
		HideSolutionNode = FALSE
	EndGlobalSection
EndGlobal
