
Microsoft Visual Studio Solution File, Format Version 11.00
# Visual Studio 2010
Project("{8BC9CEB8-8B4A-11D0-8D11-00A0C91BC942}") = "again.c", "again.c\again.c.vcxproj", "{260C1647-18A1-4F3E-AE45-FBA1C1BC9548}"
EndProject
Global
	GlobalSection(SolutionConfigurationPlatforms) = preSolution
		Debug|Win32 = Debug|Win32
		Release|Win32 = Release|Win32
	EndGlobalSection
	GlobalSection(ProjectConfigurationPlatforms) = postSolution
		{260C1647-18A1-4F3E-AE45-FBA1C1BC9548}.Debug|Win32.ActiveCfg = Debug|Win32
		{260C1647-18A1-4F3E-AE45-FBA1C1BC9548}.Debug|Win32.Build.0 = Debug|Win32
		{260C1647-18A1-4F3E-AE45-FBA1C1BC9548}.Release|Win32.ActiveCfg = Release|Win32
		{260C1647-18A1-4F3E-AE45-FBA1C1BC9548}.Release|Win32.Build.0 = Release|Win32
	EndGlobalSection
	GlobalSection(SolutionProperties) = preSolution
		HideSolutionNode = FALSE
	EndGlobalSection
EndGlobal
